PODS:
  - HCButtonGenerator (1.0.0)

DEPENDENCIES:
  - HCButtonGenerator (from `../`)

EXTERNAL SOURCES:
  HCButtonGenerator:
    :path: "../"

SPEC CHECKSUMS:
  HCButtonGenerator: ab4d1dc2cf1173e15cc583f599a72c32a5f80a4e

PODFILE CHECKSUM: b41cf31c54b5552f52f93f326557bd901f3fb609

COCOAPODS: 1.11.2
